
Microsoft Visual Studio Solution File, Format Version 12.00
# Visual Studio 15
VisualStudioVersion = 15.0.26124.0
MinimumVisualStudioVersion = 15.0.26124.0
Project("{FAE04EC0-301F-11D3-BF4B-00C04F79EFBC}") = "NerdStore.Catalogo.Domain", "NerdStore.Catalogo.Domain\NerdStore.Catalogo.Domain.csproj", "{8B8D39A3-A626-4079-B099-BBBBB9C578A3}"
EndProject
Project("{FAE04EC0-301F-11D3-BF4B-00C04F79EFBC}") = "NerdStore.Core", "NerdStore.Core\NerdStore.Core.csproj", "{FDB6BC5A-CF91-4900-8230-30E7238C42FC}"
EndProject
Project("{FAE04EC0-301F-11D3-BF4B-00C04F79EFBC}") = "NerdStore.Catalogo.Data", "NerdStore.Catalogo.Data\NerdStore.Catalogo.Data.csproj", "{21F90536-C5D9-49FD-877D-766AF82421D1}"
EndProject
Project("{FAE04EC0-301F-11D3-BF4B-00C04F79EFBC}") = "NerdStore.Catalogo.Domain.Tests", "NerdStore.Catalogo.Domain.Tests\NerdStore.Catalogo.Domain.Tests.csproj", "{C271D97E-AAAD-4AE4-B541-8C75ABD291D7}"
EndProject
Project("{FAE04EC0-301F-11D3-BF4B-00C04F79EFBC}") = "NerdStore.Catalogo.Application", "NerdStore.Catalogo.Application\NerdStore.Catalogo.Application.csproj", "{384CEC0A-A728-4121-BB6F-B7C374B93A0F}"
EndProject
Project("{FAE04EC0-301F-11D3-BF4B-00C04F79EFBC}") = "NerdStore.WebApp.MVC", "NerdStore.WebApp.MVC\NerdStore.WebApp.MVC.csproj", "{4A8A8E89-830B-4B02-96D9-C55594D5E38B}"
EndProject
Global
	GlobalSection(SolutionConfigurationPlatforms) = preSolution
		Debug|Any CPU = Debug|Any CPU
		Debug|x64 = Debug|x64
		Debug|x86 = Debug|x86
		Release|Any CPU = Release|Any CPU
		Release|x64 = Release|x64
		Release|x86 = Release|x86
	EndGlobalSection
	GlobalSection(SolutionProperties) = preSolution
		HideSolutionNode = FALSE
	EndGlobalSection
	GlobalSection(ProjectConfigurationPlatforms) = postSolution
		{8B8D39A3-A626-4079-B099-BBBBB9C578A3}.Debug|Any CPU.ActiveCfg = Debug|Any CPU
		{8B8D39A3-A626-4079-B099-BBBBB9C578A3}.Debug|Any CPU.Build.0 = Debug|Any CPU
		{8B8D39A3-A626-4079-B099-BBBBB9C578A3}.Debug|x64.ActiveCfg = Debug|Any CPU
		{8B8D39A3-A626-4079-B099-BBBBB9C578A3}.Debug|x64.Build.0 = Debug|Any CPU
		{8B8D39A3-A626-4079-B099-BBBBB9C578A3}.Debug|x86.ActiveCfg = Debug|Any CPU
		{8B8D39A3-A626-4079-B099-BBBBB9C578A3}.Debug|x86.Build.0 = Debug|Any CPU
		{8B8D39A3-A626-4079-B099-BBBBB9C578A3}.Release|Any CPU.ActiveCfg = Release|Any CPU
		{8B8D39A3-A626-4079-B099-BBBBB9C578A3}.Release|Any CPU.Build.0 = Release|Any CPU
		{8B8D39A3-A626-4079-B099-BBBBB9C578A3}.Release|x64.ActiveCfg = Release|Any CPU
		{8B8D39A3-A626-4079-B099-BBBBB9C578A3}.Release|x64.Build.0 = Release|Any CPU
		{8B8D39A3-A626-4079-B099-BBBBB9C578A3}.Release|x86.ActiveCfg = Release|Any CPU
		{8B8D39A3-A626-4079-B099-BBBBB9C578A3}.Release|x86.Build.0 = Release|Any CPU
		{FDB6BC5A-CF91-4900-8230-30E7238C42FC}.Debug|Any CPU.ActiveCfg = Debug|Any CPU
		{FDB6BC5A-CF91-4900-8230-30E7238C42FC}.Debug|Any CPU.Build.0 = Debug|Any CPU
		{FDB6BC5A-CF91-4900-8230-30E7238C42FC}.Debug|x64.ActiveCfg = Debug|Any CPU
		{FDB6BC5A-CF91-4900-8230-30E7238C42FC}.Debug|x64.Build.0 = Debug|Any CPU
		{FDB6BC5A-CF91-4900-8230-30E7238C42FC}.Debug|x86.ActiveCfg = Debug|Any CPU
		{FDB6BC5A-CF91-4900-8230-30E7238C42FC}.Debug|x86.Build.0 = Debug|Any CPU
		{FDB6BC5A-CF91-4900-8230-30E7238C42FC}.Release|Any CPU.ActiveCfg = Release|Any CPU
		{FDB6BC5A-CF91-4900-8230-30E7238C42FC}.Release|Any CPU.Build.0 = Release|Any CPU
		{FDB6BC5A-CF91-4900-8230-30E7238C42FC}.Release|x64.ActiveCfg = Release|Any CPU
		{FDB6BC5A-CF91-4900-8230-30E7238C42FC}.Release|x64.Build.0 = Release|Any CPU
		{FDB6BC5A-CF91-4900-8230-30E7238C42FC}.Release|x86.ActiveCfg = Release|Any CPU
		{FDB6BC5A-CF91-4900-8230-30E7238C42FC}.Release|x86.Build.0 = Release|Any CPU
		{21F90536-C5D9-49FD-877D-766AF82421D1}.Debug|Any CPU.ActiveCfg = Debug|Any CPU
		{21F90536-C5D9-49FD-877D-766AF82421D1}.Debug|Any CPU.Build.0 = Debug|Any CPU
		{21F90536-C5D9-49FD-877D-766AF82421D1}.Debug|x64.ActiveCfg = Debug|Any CPU
		{21F90536-C5D9-49FD-877D-766AF82421D1}.Debug|x64.Build.0 = Debug|Any CPU
		{21F90536-C5D9-49FD-877D-766AF82421D1}.Debug|x86.ActiveCfg = Debug|Any CPU
		{21F90536-C5D9-49FD-877D-766AF82421D1}.Debug|x86.Build.0 = Debug|Any CPU
		{21F90536-C5D9-49FD-877D-766AF82421D1}.Release|Any CPU.ActiveCfg = Release|Any CPU
		{21F90536-C5D9-49FD-877D-766AF82421D1}.Release|Any CPU.Build.0 = Release|Any CPU
		{21F90536-C5D9-49FD-877D-766AF82421D1}.Release|x64.ActiveCfg = Release|Any CPU
		{21F90536-C5D9-49FD-877D-766AF82421D1}.Release|x64.Build.0 = Release|Any CPU
		{21F90536-C5D9-49FD-877D-766AF82421D1}.Release|x86.ActiveCfg = Release|Any CPU
		{21F90536-C5D9-49FD-877D-766AF82421D1}.Release|x86.Build.0 = Release|Any CPU
		{C271D97E-AAAD-4AE4-B541-8C75ABD291D7}.Debug|Any CPU.ActiveCfg = Debug|Any CPU
		{C271D97E-AAAD-4AE4-B541-8C75ABD291D7}.Debug|Any CPU.Build.0 = Debug|Any CPU
		{C271D97E-AAAD-4AE4-B541-8C75ABD291D7}.Debug|x64.ActiveCfg = Debug|Any CPU
		{C271D97E-AAAD-4AE4-B541-8C75ABD291D7}.Debug|x64.Build.0 = Debug|Any CPU
		{C271D97E-AAAD-4AE4-B541-8C75ABD291D7}.Debug|x86.ActiveCfg = Debug|Any CPU
		{C271D97E-AAAD-4AE4-B541-8C75ABD291D7}.Debug|x86.Build.0 = Debug|Any CPU
		{C271D97E-AAAD-4AE4-B541-8C75ABD291D7}.Release|Any CPU.ActiveCfg = Release|Any CPU
		{C271D97E-AAAD-4AE4-B541-8C75ABD291D7}.Release|Any CPU.Build.0 = Release|Any CPU
		{C271D97E-AAAD-4AE4-B541-8C75ABD291D7}.Release|x64.ActiveCfg = Release|Any CPU
		{C271D97E-AAAD-4AE4-B541-8C75ABD291D7}.Release|x64.Build.0 = Release|Any CPU
		{C271D97E-AAAD-4AE4-B541-8C75ABD291D7}.Release|x86.ActiveCfg = Release|Any CPU
		{C271D97E-AAAD-4AE4-B541-8C75ABD291D7}.Release|x86.Build.0 = Release|Any CPU
		{384CEC0A-A728-4121-BB6F-B7C374B93A0F}.Debug|Any CPU.ActiveCfg = Debug|Any CPU
		{384CEC0A-A728-4121-BB6F-B7C374B93A0F}.Debug|Any CPU.Build.0 = Debug|Any CPU
		{384CEC0A-A728-4121-BB6F-B7C374B93A0F}.Debug|x64.ActiveCfg = Debug|Any CPU
		{384CEC0A-A728-4121-BB6F-B7C374B93A0F}.Debug|x64.Build.0 = Debug|Any CPU
		{384CEC0A-A728-4121-BB6F-B7C374B93A0F}.Debug|x86.ActiveCfg = Debug|Any CPU
		{384CEC0A-A728-4121-BB6F-B7C374B93A0F}.Debug|x86.Build.0 = Debug|Any CPU
		{384CEC0A-A728-4121-BB6F-B7C374B93A0F}.Release|Any CPU.ActiveCfg = Release|Any CPU
		{384CEC0A-A728-4121-BB6F-B7C374B93A0F}.Release|Any CPU.Build.0 = Release|Any CPU
		{384CEC0A-A728-4121-BB6F-B7C374B93A0F}.Release|x64.ActiveCfg = Release|Any CPU
		{384CEC0A-A728-4121-BB6F-B7C374B93A0F}.Release|x64.Build.0 = Release|Any CPU
		{384CEC0A-A728-4121-BB6F-B7C374B93A0F}.Release|x86.ActiveCfg = Release|Any CPU
		{384CEC0A-A728-4121-BB6F-B7C374B93A0F}.Release|x86.Build.0 = Release|Any CPU
		{4A8A8E89-830B-4B02-96D9-C55594D5E38B}.Debug|Any CPU.ActiveCfg = Debug|Any CPU
		{4A8A8E89-830B-4B02-96D9-C55594D5E38B}.Debug|Any CPU.Build.0 = Debug|Any CPU
		{4A8A8E89-830B-4B02-96D9-C55594D5E38B}.Debug|x64.ActiveCfg = Debug|Any CPU
		{4A8A8E89-830B-4B02-96D9-C55594D5E38B}.Debug|x64.Build.0 = Debug|Any CPU
		{4A8A8E89-830B-4B02-96D9-C55594D5E38B}.Debug|x86.ActiveCfg = Debug|Any CPU
		{4A8A8E89-830B-4B02-96D9-C55594D5E38B}.Debug|x86.Build.0 = Debug|Any CPU
		{4A8A8E89-830B-4B02-96D9-C55594D5E38B}.Release|Any CPU.ActiveCfg = Release|Any CPU
		{4A8A8E89-830B-4B02-96D9-C55594D5E38B}.Release|Any CPU.Build.0 = Release|Any CPU
		{4A8A8E89-830B-4B02-96D9-C55594D5E38B}.Release|x64.ActiveCfg = Release|Any CPU
		{4A8A8E89-830B-4B02-96D9-C55594D5E38B}.Release|x64.Build.0 = Release|Any CPU
		{4A8A8E89-830B-4B02-96D9-C55594D5E38B}.Release|x86.ActiveCfg = Release|Any CPU
		{4A8A8E89-830B-4B02-96D9-C55594D5E38B}.Release|x86.Build.0 = Release|Any CPU
	EndGlobalSection
EndGlobal
